
Microsoft Visual Studio Solution File, Format Version 12.00
# Visual Studio Version 16
VisualStudioVersion = 16.0.30621.155
MinimumVisualStudioVersion = 10.0.40219.1
Project("{9A19103F-16F7-4668-BE54-9A1E7A4F7556}") = "Tests", "SpecFlowFramework\Tests.csproj", "{4CE5FC63-EEF4-4CCF-83B6-20455354D01C}"
EndProject
Global
	GlobalSection(SolutionConfigurationPlatforms) = preSolution
		Debug|Any CPU = Debug|Any CPU
		Release|Any CPU = Release|Any CPU
	EndGlobalSection
	GlobalSection(ProjectConfigurationPlatforms) = postSolution
		{4CE5FC63-EEF4-4CCF-83B6-20455354D01C}.Debug|Any CPU.ActiveCfg = Debug|Any CPU
		{4CE5FC63-EEF4-4CCF-83B6-20455354D01C}.Debug|Any CPU.Build.0 = Debug|Any CPU
		{4CE5FC63-EEF4-4CCF-83B6-20455354D01C}.Release|Any CPU.ActiveCfg = Release|Any CPU
		{4CE5FC63-EEF4-4CCF-83B6-20455354D01C}.Release|Any CPU.Build.0 = Release|Any CPU
	EndGlobalSection
	GlobalSection(SolutionProperties) = preSolution
		HideSolutionNode = FALSE
	EndGlobalSection
	GlobalSection(ExtensibilityGlobals) = postSolution
		SolutionGuid = {7F485CB1-C797-404C-93AD-4FA75EEDD712}
	EndGlobalSection
EndGlobal
